
Microsoft Visual Studio Solution File, Format Version 12.00
# Visual Studio Version 17
VisualStudioVersion = 17.7.34031.279
MinimumVisualStudioVersion = 10.0.40219.1
Project("{8BC9CEB8-8B4A-11D0-8D11-00A0C91BC942}") = "laba2withunit", "laba2withunit.vcxproj", "{9D7DB0D9-E41C-41ED-9FB4-4CE98D0BBDAC}"
EndProject
Global
	GlobalSection(SolutionConfigurationPlatforms) = preSolution
		Debug|x64 = Debug|x64
		Debug|x86 = Debug|x86
		Release|x64 = Release|x64
		Release|x86 = Release|x86
	EndGlobalSection
	GlobalSection(ProjectConfigurationPlatforms) = postSolution
		{9D7DB0D9-E41C-41ED-9FB4-4CE98D0BBDAC}.Debug|x64.ActiveCfg = Debug|x64
		{9D7DB0D9-E41C-41ED-9FB4-4CE98D0BBDAC}.Debug|x64.Build.0 = Debug|x64
		{9D7DB0D9-E41C-41ED-9FB4-4CE98D0BBDAC}.Debug|x86.ActiveCfg = Debug|Win32
		{9D7DB0D9-E41C-41ED-9FB4-4CE98D0BBDAC}.Debug|x86.Build.0 = Debug|Win32
		{9D7DB0D9-E41C-41ED-9FB4-4CE98D0BBDAC}.Release|x64.ActiveCfg = Release|x64
		{9D7DB0D9-E41C-41ED-9FB4-4CE98D0BBDAC}.Release|x64.Build.0 = Release|x64
		{9D7DB0D9-E41C-41ED-9FB4-4CE98D0BBDAC}.Release|x86.ActiveCfg = Release|Win32
		{9D7DB0D9-E41C-41ED-9FB4-4CE98D0BBDAC}.Release|x86.Build.0 = Release|Win32
	EndGlobalSection
	GlobalSection(SolutionProperties) = preSolution
		HideSolutionNode = FALSE
	EndGlobalSection
	GlobalSection(ExtensibilityGlobals) = postSolution
		SolutionGuid = {0735B7A3-A458-4917-B860-FDF84481E9AB}
	EndGlobalSection
EndGlobal
